
Microsoft Visual Studio Solution File, Format Version 12.00
# Visual Studio Version 17
VisualStudioVersion = 17.14.36518.9 d17.14
MinimumVisualStudioVersion = 10.0.40219.1
Project("{FAE04EC0-301F-11D3-BF4B-00C04F79EFBC}") = "musimundo", "musimundo\musimundo.csproj", "{8AC4D70D-9686-4104-AEBF-C91C4FCE930E}"
EndProject
Global
	GlobalSection(SolutionConfigurationPlatforms) = preSolution
		Debug|Any CPU = Debug|Any CPU
		Release|Any CPU = Release|Any CPU
	EndGlobalSection
	GlobalSection(ProjectConfigurationPlatforms) = postSolution
		{8AC4D70D-9686-4104-AEBF-C91C4FCE930E}.Debug|Any CPU.ActiveCfg = Debug|Any CPU
		{8AC4D70D-9686-4104-AEBF-C91C4FCE930E}.Debug|Any CPU.Build.0 = Debug|Any CPU
		{8AC4D70D-9686-4104-AEBF-C91C4FCE930E}.Release|Any CPU.ActiveCfg = Release|Any CPU
		{8AC4D70D-9686-4104-AEBF-C91C4FCE930E}.Release|Any CPU.Build.0 = Release|Any CPU
	EndGlobalSection
	GlobalSection(SolutionProperties) = preSolution
		HideSolutionNode = FALSE
	EndGlobalSection
	GlobalSection(ExtensibilityGlobals) = postSolution
		SolutionGuid = {009B4E48-DF86-4EC5-80EC-7113F08541CD}
	EndGlobalSection
EndGlobal
